
Microsoft Visual Studio Solution File, Format Version 12.00
# Visual Studio Version 17
VisualStudioVersion = 17.6.33815.320
MinimumVisualStudioVersion = 10.0.40219.1
Project("{FAE04EC0-301F-11D3-BF4B-00C04F79EFBC}") = "Animal Match Game", "Animal Match Game\Animal Match Game.csproj", "{DB49DB61-BEF6-4327-84A6-00EF0755FBEF}"
EndProject
Global
	GlobalSection(SolutionConfigurationPlatforms) = preSolution
		Debug|Any CPU = Debug|Any CPU
		Release|Any CPU = Release|Any CPU
	EndGlobalSection
	GlobalSection(ProjectConfigurationPlatforms) = postSolution
		{DB49DB61-BEF6-4327-84A6-00EF0755FBEF}.Debug|Any CPU.ActiveCfg = Debug|Any CPU
		{DB49DB61-BEF6-4327-84A6-00EF0755FBEF}.Debug|Any CPU.Build.0 = Debug|Any CPU
		{DB49DB61-BEF6-4327-84A6-00EF0755FBEF}.Release|Any CPU.ActiveCfg = Release|Any CPU
		{DB49DB61-BEF6-4327-84A6-00EF0755FBEF}.Release|Any CPU.Build.0 = Release|Any CPU
	EndGlobalSection
	GlobalSection(SolutionProperties) = preSolution
		HideSolutionNode = FALSE
	EndGlobalSection
	GlobalSection(ExtensibilityGlobals) = postSolution
		SolutionGuid = {BB69894F-EFDD-419D-B1D5-FE9E7C36D505}
	EndGlobalSection
EndGlobal
